// !$*UTF8*$!
{
	archiveVersion = 1;
	classes = {
	};
	objectVersion = 46;
	objects = {

/* Begin PBXBuildFile section */
		0979036CBF9C55E42369F96E /* SyncViews.swift in Sources */ = {isa = PBXBuildFile; fileRef = E98EB261BB7D52C167E73D6E /* SyncViews.swift */; };
		0A8AAD36BEEEAAD0FB8F46D6 /* AgentsApp.swift in Sources */ = {isa = PBXBuildFile; fileRef = 3E0F6A1AE87E8E2695DD808A /* AgentsApp.swift */; };
		11C89017392E43B51890CC4F /* SettingsView.swift in Sources */ = {isa = PBXBuildFile; fileRef = FB182B23A371B9DF74D085EA /* SettingsView.swift */; };
		14B9D6F9C85CA58FA1B18FA9 /* Providers.swift in Sources */ = {isa = PBXBuildFile; fileRef = 819DC7A47E5392A5B83E6D85 /* Providers.swift */; };
		21A320CF59AA0029C503C6BA /* OpenAIResponsesClient.swift in Sources */ = {isa = PBXBuildFile; fileRef = C59D4437932D540A0394C300 /* OpenAIResponsesClient.swift */; };
		3C6E7EB992BE89FD7E353FCD /* ModelCatalog.swift in Sources */ = {isa = PBXBuildFile; fileRef = EB7DB3B95BE2280D8D2AE9A1 /* ModelCatalog.swift */; };
		5955016DBA611C2A676974A1 /* SeedData.swift in Sources */ = {isa = PBXBuildFile; fileRef = 779E42E66F2312EDF9E26791 /* SeedData.swift */; };
		5E80C9650BCE03801E831E86 /* SyncCenter.swift in Sources */ = {isa = PBXBuildFile; fileRef = 90DD9304D39E0F818A0F515F /* SyncCenter.swift */; };
		6FD4F1A622377087C2951340 /* GroupViews.swift in Sources */ = {isa = PBXBuildFile; fileRef = 2FA28DD6695CF110B5E22FD4 /* GroupViews.swift */; };
		787E0B8ABDFC55A005436F6F /* Agent.swift in Sources */ = {isa = PBXBuildFile; fileRef = CC39A76A72B43369F7BD8EE8 /* Agent.swift */; };
		78CD9A57DE076D86AE1FD38E /* ScheduledTask.swift in Sources */ = {isa = PBXBuildFile; fileRef = 6EB793BC6879114A347A9486 /* ScheduledTask.swift */; };
		8F5CF8064A0C851263AF0C2E /* MemoryItem.swift in Sources */ = {isa = PBXBuildFile; fileRef = AA35642C06A68F5930CE6CB3 /* MemoryItem.swift */; };
		95D3A1BF0290CB2B04530E4B /* TeamTools.swift in Sources */ = {isa = PBXBuildFile; fileRef = 88FAFA9EAE6C7CFB1B6D30C2 /* TeamTools.swift */; };
		975172799CFED477BFBDE0D9 /* Conversation.swift in Sources */ = {isa = PBXBuildFile; fileRef = 3EDD51C1F3D9DED77B04F2E4 /* Conversation.swift */; };
		9831B7CA8494CC4EA57D51A7 /* DeviceRecord.swift in Sources */ = {isa = PBXBuildFile; fileRef = CC2DD7CC9D4C7170271D5DE6 /* DeviceRecord.swift */; };
		9DAD35413F2B1AFFA8FC4931 /* ChatMessage.swift in Sources */ = {isa = PBXBuildFile; fileRef = C5E448244F909491227C0361 /* ChatMessage.swift */; };
		A172844F1F8F94F6451AE593 /* OpenAICompatClient.swift in Sources */ = {isa = PBXBuildFile; fileRef = D5F077DC3952B422B0484DF6 /* OpenAICompatClient.swift */; };
		B341308921AB18589B8D3723 /* Assets.xcassets in Resources */ = {isa = PBXBuildFile; fileRef = CBF83D58F4ED7BF3C2C43505 /* Assets.xcassets */; };
		B74E9D19C8B001F06E129E61 /* AgentEditorView.swift in Sources */ = {isa = PBXBuildFile; fileRef = 1350E7012850E4E3730AA185 /* AgentEditorView.swift */; };
		BA04491E29A89EBF4865EC79 /* Components.swift in Sources */ = {isa = PBXBuildFile; fileRef = ECFF9A0CB30CC3F55F838C5E /* Components.swift */; };
		BD24BDE7A460FD47FA8FF332 /* Keychain.swift in Sources */ = {isa = PBXBuildFile; fileRef = E58224EF5F9A5FA12861B985 /* Keychain.swift */; };
		D10225A5892DD9541B792FC1 /* ChatView.swift in Sources */ = {isa = PBXBuildFile; fileRef = DA31A6E9498CDD30B71BD804 /* ChatView.swift */; };
		D50854B6B7DCD17701ABCA51 /* AgentEngine.swift in Sources */ = {isa = PBXBuildFile; fileRef = F19974802905688F0D6D2946 /* AgentEngine.swift */; };
		E3C2FCD1E42376C8571AABC8 /* DemoContent.swift in Sources */ = {isa = PBXBuildFile; fileRef = FF570CB42700D00DB5F3F51D /* DemoContent.swift */; };
		E605125A281B03AA908D691E /* ClaudeClient.swift in Sources */ = {isa = PBXBuildFile; fileRef = DE0B418A40DD3423D3EC13BB /* ClaudeClient.swift */; };
		E6D8925FA0B775539AD133B3 /* ScheduleTools.swift in Sources */ = {isa = PBXBuildFile; fileRef = 35952C48A00B28F65D45C801 /* ScheduleTools.swift */; };
		E8EF28FCB6E12D4F9459B1B0 /* RootView.swift in Sources */ = {isa = PBXBuildFile; fileRef = EBD1A8EA050830338411F5C7 /* RootView.swift */; };
		ED7B76436D8803F826A553A7 /* SelfTest.swift in Sources */ = {isa = PBXBuildFile; fileRef = 1B1F65B643822FDEEFD685FE /* SelfTest.swift */; };
/* End PBXBuildFile section */

/* Begin PBXFileReference section */
		0533AE83CA202E6DF6DD22E8 /* Agents.app */ = {isa = PBXFileReference; explicitFileType = wrapper.application; includeInIndex = 0; path = Agents.app; sourceTree = BUILT_PRODUCTS_DIR; };
		1350E7012850E4E3730AA185 /* AgentEditorView.swift */ = {isa = PBXFileReference; includeInIndex = 1; lastKnownFileType = sourcecode.swift; name = AgentEditorView.swift; path = Views/AgentEditorView.swift; sourceTree = "<group>"; };
		1B1F65B643822FDEEFD685FE /* SelfTest.swift */ = {isa = PBXFileReference; includeInIndex = 1; lastKnownFileType = sourcecode.swift; name = SelfTest.swift; path = Services/SelfTest.swift; sourceTree = "<group>"; };
		2FA28DD6695CF110B5E22FD4 /* GroupViews.swift */ = {isa = PBXFileReference; includeInIndex = 1; lastKnownFileType = sourcecode.swift; name = GroupViews.swift; path = Views/GroupViews.swift; sourceTree = "<group>"; };
		35952C48A00B28F65D45C801 /* ScheduleTools.swift */ = {isa = PBXFileReference; includeInIndex = 1; lastKnownFileType = sourcecode.swift; name = ScheduleTools.swift; path = Services/ScheduleTools.swift; sourceTree = "<group>"; };
		3E0F6A1AE87E8E2695DD808A /* AgentsApp.swift */ = {isa = PBXFileReference; includeInIndex = 1; lastKnownFileType = sourcecode.swift; path = AgentsApp.swift; sourceTree = "<group>"; };
		3EDD51C1F3D9DED77B04F2E4 /* Conversation.swift */ = {isa = PBXFileReference; includeInIndex = 1; lastKnownFileType = sourcecode.swift; name = Conversation.swift; path = Models/Conversation.swift; sourceTree = "<group>"; };
		6EB793BC6879114A347A9486 /* ScheduledTask.swift */ = {isa = PBXFileReference; includeInIndex = 1; lastKnownFileType = sourcecode.swift; name = ScheduledTask.swift; path = Models/ScheduledTask.swift; sourceTree = "<group>"; };
		6F9A7C939BD8CBF5F4CBE22F /* Info.plist */ = {isa = PBXFileReference; includeInIndex = 1; lastKnownFileType = text.plist.xml; path = Info.plist; sourceTree = "<group>"; };
		779E42E66F2312EDF9E26791 /* SeedData.swift */ = {isa = PBXFileReference; includeInIndex = 1; lastKnownFileType = sourcecode.swift; name = SeedData.swift; path = Services/SeedData.swift; sourceTree = "<group>"; };
		819DC7A47E5392A5B83E6D85 /* Providers.swift */ = {isa = PBXFileReference; includeInIndex = 1; lastKnownFileType = sourcecode.swift; name = Providers.swift; path = Services/Providers.swift; sourceTree = "<group>"; };
		88FAFA9EAE6C7CFB1B6D30C2 /* TeamTools.swift */ = {isa = PBXFileReference; includeInIndex = 1; lastKnownFileType = sourcecode.swift; name = TeamTools.swift; path = Services/TeamTools.swift; sourceTree = "<group>"; };
		90DD9304D39E0F818A0F515F /* SyncCenter.swift */ = {isa = PBXFileReference; includeInIndex = 1; lastKnownFileType = sourcecode.swift; name = SyncCenter.swift; path = Services/SyncCenter.swift; sourceTree = "<group>"; };
		AA35642C06A68F5930CE6CB3 /* MemoryItem.swift */ = {isa = PBXFileReference; includeInIndex = 1; lastKnownFileType = sourcecode.swift; name = MemoryItem.swift; path = Models/MemoryItem.swift; sourceTree = "<group>"; };
		BD074880FCDE4C1E58BE3ED7 /* Agents-macOS.entitlements */ = {isa = PBXFileReference; includeInIndex = 1; lastKnownFileType = text.plist.entitlements; path = "Agents-macOS.entitlements"; sourceTree = "<group>"; };
		C59D4437932D540A0394C300 /* OpenAIResponsesClient.swift */ = {isa = PBXFileReference; includeInIndex = 1; lastKnownFileType = sourcecode.swift; name = OpenAIResponsesClient.swift; path = Services/OpenAIResponsesClient.swift; sourceTree = "<group>"; };
		C5E448244F909491227C0361 /* ChatMessage.swift */ = {isa = PBXFileReference; includeInIndex = 1; lastKnownFileType = sourcecode.swift; name = ChatMessage.swift; path = Models/ChatMessage.swift; sourceTree = "<group>"; };
		CBF83D58F4ED7BF3C2C43505 /* Assets.xcassets */ = {isa = PBXFileReference; includeInIndex = 1; lastKnownFileType = folder.assetcatalog; path = Assets.xcassets; sourceTree = "<group>"; };
		CC2DD7CC9D4C7170271D5DE6 /* DeviceRecord.swift */ = {isa = PBXFileReference; includeInIndex = 1; lastKnownFileType = sourcecode.swift; name = DeviceRecord.swift; path = Models/DeviceRecord.swift; sourceTree = "<group>"; };
		CC39A76A72B43369F7BD8EE8 /* Agent.swift */ = {isa = PBXFileReference; includeInIndex = 1; lastKnownFileType = sourcecode.swift; name = Agent.swift; path = Models/Agent.swift; sourceTree = "<group>"; };
		D0E2DE212327459F4E5ED37E /* Agents-iOS.entitlements */ = {isa = PBXFileReference; includeInIndex = 1; lastKnownFileType = text.plist.entitlements; path = "Agents-iOS.entitlements"; sourceTree = "<group>"; };
		D5F077DC3952B422B0484DF6 /* OpenAICompatClient.swift */ = {isa = PBXFileReference; includeInIndex = 1; lastKnownFileType = sourcecode.swift; name = OpenAICompatClient.swift; path = Services/OpenAICompatClient.swift; sourceTree = "<group>"; };
		DA31A6E9498CDD30B71BD804 /* ChatView.swift */ = {isa = PBXFileReference; includeInIndex = 1; lastKnownFileType = sourcecode.swift; name = ChatView.swift; path = Views/ChatView.swift; sourceTree = "<group>"; };
		DE0B418A40DD3423D3EC13BB /* ClaudeClient.swift */ = {isa = PBXFileReference; includeInIndex = 1; lastKnownFileType = sourcecode.swift; name = ClaudeClient.swift; path = Services/ClaudeClient.swift; sourceTree = "<group>"; };
		E58224EF5F9A5FA12861B985 /* Keychain.swift */ = {isa = PBXFileReference; includeInIndex = 1; lastKnownFileType = sourcecode.swift; name = Keychain.swift; path = Services/Keychain.swift; sourceTree = "<group>"; };
		E98EB261BB7D52C167E73D6E /* SyncViews.swift */ = {isa = PBXFileReference; includeInIndex = 1; lastKnownFileType = sourcecode.swift; name = SyncViews.swift; path = Views/SyncViews.swift; sourceTree = "<group>"; };
		EB7DB3B95BE2280D8D2AE9A1 /* ModelCatalog.swift */ = {isa = PBXFileReference; includeInIndex = 1; lastKnownFileType = sourcecode.swift; name = ModelCatalog.swift; path = Services/ModelCatalog.swift; sourceTree = "<group>"; };
		EBD1A8EA050830338411F5C7 /* RootView.swift */ = {isa = PBXFileReference; includeInIndex = 1; lastKnownFileType = sourcecode.swift; name = RootView.swift; path = Views/RootView.swift; sourceTree = "<group>"; };
		ECFF9A0CB30CC3F55F838C5E /* Components.swift */ = {isa = PBXFileReference; includeInIndex = 1; lastKnownFileType = sourcecode.swift; name = Components.swift; path = Views/Components.swift; sourceTree = "<group>"; };
		F19974802905688F0D6D2946 /* AgentEngine.swift */ = {isa = PBXFileReference; includeInIndex = 1; lastKnownFileType = sourcecode.swift; name = AgentEngine.swift; path = Services/AgentEngine.swift; sourceTree = "<group>"; };
		FB182B23A371B9DF74D085EA /* SettingsView.swift */ = {isa = PBXFileReference; includeInIndex = 1; lastKnownFileType = sourcecode.swift; name = SettingsView.swift; path = Views/SettingsView.swift; sourceTree = "<group>"; };
		FF570CB42700D00DB5F3F51D /* DemoContent.swift */ = {isa = PBXFileReference; includeInIndex = 1; lastKnownFileType = sourcecode.swift; name = DemoContent.swift; path = Services/DemoContent.swift; sourceTree = "<group>"; };
/* End PBXFileReference section */

/* Begin PBXFrameworksBuildPhase section */
		C7D88EBFC4DD478EE1A1D7EE /* Frameworks */ = {
			isa = PBXFrameworksBuildPhase;
			buildActionMask = 2147483647;
			files = (
			);
			runOnlyForDeploymentPostprocessing = 0;
		};
/* End PBXFrameworksBuildPhase section */

/* Begin PBXGroup section */
		15CD3AF802588D8B7ABF4A8F /* Agents */ = {
			isa = PBXGroup;
			children = (
				3E0F6A1AE87E8E2695DD808A /* AgentsApp.swift */,
				CC39A76A72B43369F7BD8EE8 /* Agent.swift */,
				C5E448244F909491227C0361 /* ChatMessage.swift */,
				3EDD51C1F3D9DED77B04F2E4 /* Conversation.swift */,
				CC2DD7CC9D4C7170271D5DE6 /* DeviceRecord.swift */,
				AA35642C06A68F5930CE6CB3 /* MemoryItem.swift */,
				6EB793BC6879114A347A9486 /* ScheduledTask.swift */,
				F19974802905688F0D6D2946 /* AgentEngine.swift */,
				DE0B418A40DD3423D3EC13BB /* ClaudeClient.swift */,
				FF570CB42700D00DB5F3F51D /* DemoContent.swift */,
				E58224EF5F9A5FA12861B985 /* Keychain.swift */,
				EB7DB3B95BE2280D8D2AE9A1 /* ModelCatalog.swift */,
				D5F077DC3952B422B0484DF6 /* OpenAICompatClient.swift */,
				C59D4437932D540A0394C300 /* OpenAIResponsesClient.swift */,
				819DC7A47E5392A5B83E6D85 /* Providers.swift */,
				35952C48A00B28F65D45C801 /* ScheduleTools.swift */,
				779E42E66F2312EDF9E26791 /* SeedData.swift */,
				1B1F65B643822FDEEFD685FE /* SelfTest.swift */,
				90DD9304D39E0F818A0F515F /* SyncCenter.swift */,
				88FAFA9EAE6C7CFB1B6D30C2 /* TeamTools.swift */,
				1350E7012850E4E3730AA185 /* AgentEditorView.swift */,
				DA31A6E9498CDD30B71BD804 /* ChatView.swift */,
				ECFF9A0CB30CC3F55F838C5E /* Components.swift */,
				2FA28DD6695CF110B5E22FD4 /* GroupViews.swift */,
				EBD1A8EA050830338411F5C7 /* RootView.swift */,
				FB182B23A371B9DF74D085EA /* SettingsView.swift */,
				E98EB261BB7D52C167E73D6E /* SyncViews.swift */,
				CBF83D58F4ED7BF3C2C43505 /* Assets.xcassets */,
				6F9A7C939BD8CBF5F4CBE22F /* Info.plist */,
				D0E2DE212327459F4E5ED37E /* Agents-iOS.entitlements */,
				BD074880FCDE4C1E58BE3ED7 /* Agents-macOS.entitlements */,
			);
			name = Agents;
			path = Agents;
			sourceTree = "<group>";
		};
		310308925CFADDD08946D540 /* iOS */ = {
			isa = PBXGroup;
			children = (
			);
			name = iOS;
			sourceTree = "<group>";
		};
		AF5A268D5E92E858C64A365B /* Frameworks */ = {
			isa = PBXGroup;
			children = (
				310308925CFADDD08946D540 /* iOS */,
			);
			name = Frameworks;
			sourceTree = "<group>";
		};
		ECA8A6F49686A9404B8251BE = {
			isa = PBXGroup;
			children = (
				EF54907D3465472FB0FAD063 /* Products */,
				AF5A268D5E92E858C64A365B /* Frameworks */,
				15CD3AF802588D8B7ABF4A8F /* Agents */,
			);
			sourceTree = "<group>";
		};
		EF54907D3465472FB0FAD063 /* Products */ = {
			isa = PBXGroup;
			children = (
				0533AE83CA202E6DF6DD22E8 /* Agents.app */,
			);
			name = Products;
			sourceTree = "<group>";
		};
/* End PBXGroup section */

/* Begin PBXNativeTarget section */
		12C74EB44F7510E489C08E41 /* Agents */ = {
			isa = PBXNativeTarget;
			buildConfigurationList = 0B294BC5A1B743CE151E5B15 /* Build configuration list for PBXNativeTarget "Agents" */;
			buildPhases = (
				B6AB13E86123C36FD4EC7AFA /* Sources */,
				C7D88EBFC4DD478EE1A1D7EE /* Frameworks */,
				977A389C927B55947D35BFAF /* Resources */,
			);
			buildRules = (
			);
			dependencies = (
			);
			name = Agents;
			productName = Agents;
			productReference = 0533AE83CA202E6DF6DD22E8 /* Agents.app */;
			productType = "com.apple.product-type.application";
		};
/* End PBXNativeTarget section */

/* Begin PBXProject section */
		E76BB8364821EF041D81A17B /* Project object */ = {
			isa = PBXProject;
			attributes = {
				LastSwiftUpdateCheck = 1600;
				LastUpgradeCheck = 1600;
				TargetAttributes = {
					12C74EB44F7510E489C08E41 = {
						CreatedOnToolsVersion = 16.0;
					};
				};
			};
			buildConfigurationList = C003CF88470C124EF3CB5347 /* Build configuration list for PBXProject "Agents" */;
			compatibilityVersion = "Xcode 3.2";
			developmentRegion = en;
			hasScannedForEncodings = 0;
			knownRegions = (
				en,
				Base,
			);
			mainGroup = ECA8A6F49686A9404B8251BE;
			minimizedProjectReferenceProxies = 0;
			preferredProjectObjectVersion = 100;
			productRefGroup = EF54907D3465472FB0FAD063 /* Products */;
			projectDirPath = "";
			projectRoot = "";
			targets = (
				12C74EB44F7510E489C08E41 /* Agents */,
			);
		};
/* End PBXProject section */

/* Begin PBXResourcesBuildPhase section */
		977A389C927B55947D35BFAF /* Resources */ = {
			isa = PBXResourcesBuildPhase;
			buildActionMask = 2147483647;
			files = (
				B341308921AB18589B8D3723 /* Assets.xcassets in Resources */,
			);
			runOnlyForDeploymentPostprocessing = 0;
		};
/* End PBXResourcesBuildPhase section */

/* Begin PBXSourcesBuildPhase section */
		B6AB13E86123C36FD4EC7AFA /* Sources */ = {
			isa = PBXSourcesBuildPhase;
			buildActionMask = 2147483647;
			files = (
				0A8AAD36BEEEAAD0FB8F46D6 /* AgentsApp.swift in Sources */,
				787E0B8ABDFC55A005436F6F /* Agent.swift in Sources */,
				9DAD35413F2B1AFFA8FC4931 /* ChatMessage.swift in Sources */,
				975172799CFED477BFBDE0D9 /* Conversation.swift in Sources */,
				9831B7CA8494CC4EA57D51A7 /* DeviceRecord.swift in Sources */,
				8F5CF8064A0C851263AF0C2E /* MemoryItem.swift in Sources */,
				78CD9A57DE076D86AE1FD38E /* ScheduledTask.swift in Sources */,
				D50854B6B7DCD17701ABCA51 /* AgentEngine.swift in Sources */,
				E605125A281B03AA908D691E /* ClaudeClient.swift in Sources */,
				E3C2FCD1E42376C8571AABC8 /* DemoContent.swift in Sources */,
				BD24BDE7A460FD47FA8FF332 /* Keychain.swift in Sources */,
				3C6E7EB992BE89FD7E353FCD /* ModelCatalog.swift in Sources */,
				A172844F1F8F94F6451AE593 /* OpenAICompatClient.swift in Sources */,
				21A320CF59AA0029C503C6BA /* OpenAIResponsesClient.swift in Sources */,
				14B9D6F9C85CA58FA1B18FA9 /* Providers.swift in Sources */,
				E6D8925FA0B775539AD133B3 /* ScheduleTools.swift in Sources */,
				5955016DBA611C2A676974A1 /* SeedData.swift in Sources */,
				ED7B76436D8803F826A553A7 /* SelfTest.swift in Sources */,
				5E80C9650BCE03801E831E86 /* SyncCenter.swift in Sources */,
				95D3A1BF0290CB2B04530E4B /* TeamTools.swift in Sources */,
				B74E9D19C8B001F06E129E61 /* AgentEditorView.swift in Sources */,
				D10225A5892DD9541B792FC1 /* ChatView.swift in Sources */,
				BA04491E29A89EBF4865EC79 /* Components.swift in Sources */,
				6FD4F1A622377087C2951340 /* GroupViews.swift in Sources */,
				E8EF28FCB6E12D4F9459B1B0 /* RootView.swift in Sources */,
				11C89017392E43B51890CC4F /* SettingsView.swift in Sources */,
				0979036CBF9C55E42369F96E /* SyncViews.swift in Sources */,
			);
			runOnlyForDeploymentPostprocessing = 0;
		};
/* End PBXSourcesBuildPhase section */

/* Begin XCBuildConfiguration section */
		15553AF135714F6F45640065 /* Release */ = {
			isa = XCBuildConfiguration;
			buildSettings = {
				ASSETCATALOG_COMPILER_APPICON_NAME = AppIcon;
				ASSETCATALOG_COMPILER_GLOBAL_ACCENT_COLOR_NAME = AccentColor;
				CLANG_ENABLE_OBJC_WEAK = NO;
				"CODE_SIGN_ENTITLEMENTS[sdk=iphoneos*]" = "Agents/Agents-iOS.entitlements";
				"CODE_SIGN_ENTITLEMENTS[sdk=iphonesimulator*]" = "Agents/Agents-iOS.entitlements";
				"CODE_SIGN_ENTITLEMENTS[sdk=macosx*]" = "Agents/Agents-macOS.entitlements";
				CODE_SIGN_STYLE = Automatic;
				CURRENT_PROJECT_VERSION = 2;
				DEVELOPMENT_TEAM = 2KTZ966L7U;
				ENABLE_HARDENED_RUNTIME = YES;
				ENABLE_PREVIEWS = YES;
				GENERATE_INFOPLIST_FILE = YES;
				INFOPLIST_FILE = Agents/Info.plist;
				INFOPLIST_KEY_CFBundleDisplayName = "Agent Teams";
				INFOPLIST_KEY_ITSAppUsesNonExemptEncryption = NO;
				INFOPLIST_KEY_LSApplicationCategoryType = "public.app-category.productivity";
				"INFOPLIST_KEY_UIApplicationSceneManifest_Generation[sdk=iphone*]" = YES;
				"INFOPLIST_KEY_UILaunchScreen_Generation[sdk=iphone*]" = YES;
				INFOPLIST_KEY_UISupportedInterfaceOrientations_iPad = "UIInterfaceOrientationPortrait UIInterfaceOrientationPortraitUpsideDown UIInterfaceOrientationLandscapeLeft UIInterfaceOrientationLandscapeRight";
				INFOPLIST_KEY_UISupportedInterfaceOrientations_iPhone = "UIInterfaceOrientationPortrait UIInterfaceOrientationLandscapeLeft UIInterfaceOrientationLandscapeRight";
				IPHONEOS_DEPLOYMENT_TARGET = 17.0;
				"LD_RUNPATH_SEARCH_PATHS[sdk=iphone*]" = "$(inherited) @executable_path/Frameworks";
				"LD_RUNPATH_SEARCH_PATHS[sdk=macosx*]" = "$(inherited) @executable_path/../Frameworks";
				MACOSX_DEPLOYMENT_TARGET = 14.0;
				MARKETING_VERSION = 1.0;
				PRODUCT_BUNDLE_IDENTIFIER = com.keoly.agents;
				PRODUCT_NAME = Agents;
				SDKROOT = auto;
				SUPPORTED_PLATFORMS = "iphoneos iphonesimulator macosx";
				SUPPORTS_MACCATALYST = NO;
				SWIFT_EMIT_LOC_STRINGS = YES;
				SWIFT_VERSION = 5.0;
				TARGETED_DEVICE_FAMILY = "1,2";
				VALIDATE_PRODUCT = YES;
			};
			name = Release;
		};
		4AA262BA496F16A2320B5766 /* Debug */ = {
			isa = XCBuildConfiguration;
			buildSettings = {
				ALWAYS_SEARCH_USER_PATHS = NO;
				CLANG_ANALYZER_NONNULL = YES;
				CLANG_ANALYZER_NUMBER_OBJECT_CONVERSION = YES_AGGRESSIVE;
				CLANG_CXX_LANGUAGE_STANDARD = "gnu++14";
				CLANG_CXX_LIBRARY = "libc++";
				CLANG_ENABLE_MODULES = YES;
				CLANG_ENABLE_OBJC_ARC = YES;
				CLANG_ENABLE_OBJC_WEAK = YES;
				CLANG_WARN_BLOCK_CAPTURE_AUTORELEASING = YES;
				CLANG_WARN_BOOL_CONVERSION = YES;
				CLANG_WARN_COMMA = YES;
				CLANG_WARN_CONSTANT_CONVERSION = YES;
				CLANG_WARN_DEPRECATED_OBJC_IMPLEMENTATIONS = YES;
				CLANG_WARN_DIRECT_OBJC_ISA_USAGE = YES_ERROR;
				CLANG_WARN_DOCUMENTATION_COMMENTS = YES;
				CLANG_WARN_EMPTY_BODY = YES;
				CLANG_WARN_ENUM_CONVERSION = YES;
				CLANG_WARN_INFINITE_RECURSION = YES;
				CLANG_WARN_INT_CONVERSION = YES;
				CLANG_WARN_NON_LITERAL_NULL_CONVERSION = YES;
				CLANG_WARN_OBJC_IMPLICIT_RETAIN_SELF = YES;
				CLANG_WARN_OBJC_LITERAL_CONVERSION = YES;
				CLANG_WARN_OBJC_ROOT_CLASS = YES_ERROR;
				CLANG_WARN_QUOTED_INCLUDE_IN_FRAMEWORK_HEADER = YES;
				CLANG_WARN_RANGE_LOOP_ANALYSIS = YES;
				CLANG_WARN_STRICT_PROTOTYPES = YES;
				CLANG_WARN_SUSPICIOUS_MOVE = YES;
				CLANG_WARN_UNGUARDED_AVAILABILITY = YES_AGGRESSIVE;
				CLANG_WARN_UNREACHABLE_CODE = YES;
				CLANG_WARN__DUPLICATE_METHOD_MATCH = YES;
				COPY_PHASE_STRIP = NO;
				DEBUG_INFORMATION_FORMAT = dwarf;
				ENABLE_STRICT_OBJC_MSGSEND = YES;
				ENABLE_TESTABILITY = YES;
				GCC_C_LANGUAGE_STANDARD = gnu11;
				GCC_DYNAMIC_NO_PIC = NO;
				GCC_NO_COMMON_BLOCKS = YES;
				GCC_OPTIMIZATION_LEVEL = 0;
				GCC_PREPROCESSOR_DEFINITIONS = (
					"DEBUG=1",
					"$(inherited)",
				);
				GCC_WARN_64_TO_32_BIT_CONVERSION = YES;
				GCC_WARN_ABOUT_RETURN_TYPE = YES_ERROR;
				GCC_WARN_UNDECLARED_SELECTOR = YES;
				GCC_WARN_UNINITIALIZED_AUTOS = YES_AGGRESSIVE;
				GCC_WARN_UNUSED_FUNCTION = YES;
				GCC_WARN_UNUSED_VARIABLE = YES;
				IPHONEOS_DEPLOYMENT_TARGET = 17.0;
				MACOSX_DEPLOYMENT_TARGET = 14.0;
				MTL_ENABLE_DEBUG_INFO = INCLUDE_SOURCE;
				MTL_FAST_MATH = YES;
				ONLY_ACTIVE_ARCH = YES;
				PRODUCT_NAME = "$(TARGET_NAME)";
				SWIFT_ACTIVE_COMPILATION_CONDITIONS = DEBUG;
				SWIFT_OPTIMIZATION_LEVEL = "-Onone";
				SWIFT_VERSION = 5.0;
			};
			name = Debug;
		};
		AC6A8B3A1E8291F55B018CE4 /* Release */ = {
			isa = XCBuildConfiguration;
			buildSettings = {
				ALWAYS_SEARCH_USER_PATHS = NO;
				CLANG_ANALYZER_NONNULL = YES;
				CLANG_ANALYZER_NUMBER_OBJECT_CONVERSION = YES_AGGRESSIVE;
				CLANG_CXX_LANGUAGE_STANDARD = "gnu++14";
				CLANG_CXX_LIBRARY = "libc++";
				CLANG_ENABLE_MODULES = YES;
				CLANG_ENABLE_OBJC_ARC = YES;
				CLANG_ENABLE_OBJC_WEAK = YES;
				CLANG_WARN_BLOCK_CAPTURE_AUTORELEASING = YES;
				CLANG_WARN_BOOL_CONVERSION = YES;
				CLANG_WARN_COMMA = YES;
				CLANG_WARN_CONSTANT_CONVERSION = YES;
				CLANG_WARN_DEPRECATED_OBJC_IMPLEMENTATIONS = YES;
				CLANG_WARN_DIRECT_OBJC_ISA_USAGE = YES_ERROR;
				CLANG_WARN_DOCUMENTATION_COMMENTS = YES;
				CLANG_WARN_EMPTY_BODY = YES;
				CLANG_WARN_ENUM_CONVERSION = YES;
				CLANG_WARN_INFINITE_RECURSION = YES;
				CLANG_WARN_INT_CONVERSION = YES;
				CLANG_WARN_NON_LITERAL_NULL_CONVERSION = YES;
				CLANG_WARN_OBJC_IMPLICIT_RETAIN_SELF = YES;
				CLANG_WARN_OBJC_LITERAL_CONVERSION = YES;
				CLANG_WARN_OBJC_ROOT_CLASS = YES_ERROR;
				CLANG_WARN_QUOTED_INCLUDE_IN_FRAMEWORK_HEADER = YES;
				CLANG_WARN_RANGE_LOOP_ANALYSIS = YES;
				CLANG_WARN_STRICT_PROTOTYPES = YES;
				CLANG_WARN_SUSPICIOUS_MOVE = YES;
				CLANG_WARN_UNGUARDED_AVAILABILITY = YES_AGGRESSIVE;
				CLANG_WARN_UNREACHABLE_CODE = YES;
				CLANG_WARN__DUPLICATE_METHOD_MATCH = YES;
				COPY_PHASE_STRIP = NO;
				DEBUG_INFORMATION_FORMAT = "dwarf-with-dsym";
				ENABLE_NS_ASSERTIONS = NO;
				ENABLE_STRICT_OBJC_MSGSEND = YES;
				GCC_C_LANGUAGE_STANDARD = gnu11;
				GCC_NO_COMMON_BLOCKS = YES;
				GCC_WARN_64_TO_32_BIT_CONVERSION = YES;
				GCC_WARN_ABOUT_RETURN_TYPE = YES_ERROR;
				GCC_WARN_UNDECLARED_SELECTOR = YES;
				GCC_WARN_UNINITIALIZED_AUTOS = YES_AGGRESSIVE;
				GCC_WARN_UNUSED_FUNCTION = YES;
				GCC_WARN_UNUSED_VARIABLE = YES;
				IPHONEOS_DEPLOYMENT_TARGET = 17.0;
				MACOSX_DEPLOYMENT_TARGET = 14.0;
				MTL_ENABLE_DEBUG_INFO = NO;
				MTL_FAST_MATH = YES;
				PRODUCT_NAME = "$(TARGET_NAME)";
				SWIFT_COMPILATION_MODE = wholemodule;
				SWIFT_OPTIMIZATION_LEVEL = "-O";
				SWIFT_VERSION = 5.0;
			};
			name = Release;
		};
		C3D4DE7AD166A4BB1F69ABBA /* Debug */ = {
			isa = XCBuildConfiguration;
			buildSettings = {
				ASSETCATALOG_COMPILER_APPICON_NAME = AppIcon;
				ASSETCATALOG_COMPILER_GLOBAL_ACCENT_COLOR_NAME = AccentColor;
				CLANG_ENABLE_OBJC_WEAK = NO;
				"CODE_SIGN_ENTITLEMENTS[sdk=iphoneos*]" = "Agents/Agents-iOS.entitlements";
				"CODE_SIGN_ENTITLEMENTS[sdk=iphonesimulator*]" = "Agents/Agents-iOS.entitlements";
				"CODE_SIGN_ENTITLEMENTS[sdk=macosx*]" = "Agents/Agents-macOS.entitlements";
				CODE_SIGN_STYLE = Automatic;
				CURRENT_PROJECT_VERSION = 2;
				DEVELOPMENT_TEAM = 2KTZ966L7U;
				ENABLE_HARDENED_RUNTIME = YES;
				ENABLE_PREVIEWS = YES;
				GENERATE_INFOPLIST_FILE = YES;
				INFOPLIST_FILE = Agents/Info.plist;
				INFOPLIST_KEY_CFBundleDisplayName = "Agent Teams";
				INFOPLIST_KEY_ITSAppUsesNonExemptEncryption = NO;
				INFOPLIST_KEY_LSApplicationCategoryType = "public.app-category.productivity";
				"INFOPLIST_KEY_UIApplicationSceneManifest_Generation[sdk=iphone*]" = YES;
				"INFOPLIST_KEY_UILaunchScreen_Generation[sdk=iphone*]" = YES;
				INFOPLIST_KEY_UISupportedInterfaceOrientations_iPad = "UIInterfaceOrientationPortrait UIInterfaceOrientationPortraitUpsideDown UIInterfaceOrientationLandscapeLeft UIInterfaceOrientationLandscapeRight";
				INFOPLIST_KEY_UISupportedInterfaceOrientations_iPhone = "UIInterfaceOrientationPortrait UIInterfaceOrientationLandscapeLeft UIInterfaceOrientationLandscapeRight";
				IPHONEOS_DEPLOYMENT_TARGET = 17.0;
				"LD_RUNPATH_SEARCH_PATHS[sdk=iphone*]" = "$(inherited) @executable_path/Frameworks";
				"LD_RUNPATH_SEARCH_PATHS[sdk=macosx*]" = "$(inherited) @executable_path/../Frameworks";
				MACOSX_DEPLOYMENT_TARGET = 14.0;
				MARKETING_VERSION = 1.0;
				PRODUCT_BUNDLE_IDENTIFIER = com.keoly.agents;
				PRODUCT_NAME = Agents;
				SDKROOT = auto;
				SUPPORTED_PLATFORMS = "iphoneos iphonesimulator macosx";
				SUPPORTS_MACCATALYST = NO;
				SWIFT_EMIT_LOC_STRINGS = YES;
				SWIFT_VERSION = 5.0;
				TARGETED_DEVICE_FAMILY = "1,2";
			};
			name = Debug;
		};
/* End XCBuildConfiguration section */

/* Begin XCConfigurationList section */
		0B294BC5A1B743CE151E5B15 /* Build configuration list for PBXNativeTarget "Agents" */ = {
			isa = XCConfigurationList;
			buildConfigurations = (
				15553AF135714F6F45640065 /* Release */,
				C3D4DE7AD166A4BB1F69ABBA /* Debug */,
			);
			defaultConfigurationIsVisible = 0;
			defaultConfigurationName = Release;
		};
		C003CF88470C124EF3CB5347 /* Build configuration list for PBXProject "Agents" */ = {
			isa = XCConfigurationList;
			buildConfigurations = (
				4AA262BA496F16A2320B5766 /* Debug */,
				AC6A8B3A1E8291F55B018CE4 /* Release */,
			);
			defaultConfigurationIsVisible = 0;
			defaultConfigurationName = Release;
		};
/* End XCConfigurationList section */
	};
	rootObject = E76BB8364821EF041D81A17B /* Project object */;
}
