// !$*UTF8*$!
{
	archiveVersion = 1;
	classes = {
	};
	objectVersion = 46;
	objects = {

/* Begin PBXBuildFile section */
		00C9E1967DC78AE0EA53D06C /* ClaudeClient.swift in Sources */ = {isa = PBXBuildFile; fileRef = 290C8FA5627927894D6D5862 /* ClaudeClient.swift */; };
		066A8F74A008088EB9769813 /* Providers.swift in Sources */ = {isa = PBXBuildFile; fileRef = 105ACF79EBD8AF7CCC0144CB /* Providers.swift */; };
		0898B91D4BE9D20EEB471426 /* SelfTest.swift in Sources */ = {isa = PBXBuildFile; fileRef = F64DCDA18807C1032D7950CD /* SelfTest.swift */; };
		108770542CE878EE95CB969A /* ChatMessage.swift in Sources */ = {isa = PBXBuildFile; fileRef = 55989B88A9D706893656C76A /* ChatMessage.swift */; };
		1DFEAFF35333F69FE16AD46E /* SettingsView.swift in Sources */ = {isa = PBXBuildFile; fileRef = 52A67548CF07A469F81377CE /* SettingsView.swift */; };
		4A010150B8243CB297484B07 /* Conversation.swift in Sources */ = {isa = PBXBuildFile; fileRef = A6904DFB0D79EDAEBD42C41F /* Conversation.swift */; };
		52737EA46467E26A4801F68B /* MemoryItem.swift in Sources */ = {isa = PBXBuildFile; fileRef = BC4DC8D8787F0F39C9D08F1E /* MemoryItem.swift */; };
		56754729E73D66650F9180DB /* SeedData.swift in Sources */ = {isa = PBXBuildFile; fileRef = 223F5095260C7ECB40712BBD /* SeedData.swift */; };
		6A71B17DF865FF86E0CB11E9 /* Assets.xcassets in Resources */ = {isa = PBXBuildFile; fileRef = CF2FEA9E49D5A9824C81EE24 /* Assets.xcassets */; };
		7429C1441BFECB64482CC5C0 /* Keychain.swift in Sources */ = {isa = PBXBuildFile; fileRef = FF8065A4612624CE66FF1585 /* Keychain.swift */; };
		854E5426BE11F304D18F81E1 /* DemoContent.swift in Sources */ = {isa = PBXBuildFile; fileRef = B98660D273A23F62783AD87B /* DemoContent.swift */; };
		9803F454052EDA95CC5652FF /* AgentEngine.swift in Sources */ = {isa = PBXBuildFile; fileRef = 80F9CF4817A1851F8AFC8A90 /* AgentEngine.swift */; };
		A0BBF80ECD0FB5FFEE5F4F93 /* RootView.swift in Sources */ = {isa = PBXBuildFile; fileRef = 2B9153608945408CB72F2E3B /* RootView.swift */; };
		AB0DD7F58D729D841CD74707 /* AgentEditorView.swift in Sources */ = {isa = PBXBuildFile; fileRef = 15382AC7604C0C60936E7F6C /* AgentEditorView.swift */; };
		B88CD3EAA4844B31F57C31A3 /* GroupViews.swift in Sources */ = {isa = PBXBuildFile; fileRef = A1CFB93EA47767CEF19F5A85 /* GroupViews.swift */; };
		C95CBD9A8236C61B81F99CDA /* TeamTools.swift in Sources */ = {isa = PBXBuildFile; fileRef = B106F2583BD0F39A04066FE1 /* TeamTools.swift */; };
		C9EC8135DDA2439D4953A7ED /* AgentsApp.swift in Sources */ = {isa = PBXBuildFile; fileRef = 43D27FCBB89380A01485A54F /* AgentsApp.swift */; };
		CBD9F93124F2665753BE9DE4 /* OpenAICompatClient.swift in Sources */ = {isa = PBXBuildFile; fileRef = 410FA75CFF0316DBD46D717B /* OpenAICompatClient.swift */; };
		D8450E7963EF540ED53FA2E4 /* OpenAIResponsesClient.swift in Sources */ = {isa = PBXBuildFile; fileRef = 3BEDE83E98B85561F5454E56 /* OpenAIResponsesClient.swift */; };
		D8D4D3379935DBFD2C9F9AC1 /* Components.swift in Sources */ = {isa = PBXBuildFile; fileRef = 9023C0B7C336F7798050FA79 /* Components.swift */; };
		E63D83424023D02B047C1DBA /* ChatView.swift in Sources */ = {isa = PBXBuildFile; fileRef = 27C7EBA1E100286646411883 /* ChatView.swift */; };
		E9AB5D37438F9A1C5851A39C /* ModelCatalog.swift in Sources */ = {isa = PBXBuildFile; fileRef = E060598F45FB91DE65C85220 /* ModelCatalog.swift */; };
		FAC58123FBA0359FABDA1CDC /* Agent.swift in Sources */ = {isa = PBXBuildFile; fileRef = 22AF96A06E3E2DF7FB24A120 /* Agent.swift */; };
/* End PBXBuildFile section */

/* Begin PBXFileReference section */
		105ACF79EBD8AF7CCC0144CB /* Providers.swift */ = {isa = PBXFileReference; includeInIndex = 1; lastKnownFileType = sourcecode.swift; name = Providers.swift; path = Services/Providers.swift; sourceTree = "<group>"; };
		15382AC7604C0C60936E7F6C /* AgentEditorView.swift */ = {isa = PBXFileReference; includeInIndex = 1; lastKnownFileType = sourcecode.swift; name = AgentEditorView.swift; path = Views/AgentEditorView.swift; sourceTree = "<group>"; };
		223F5095260C7ECB40712BBD /* SeedData.swift */ = {isa = PBXFileReference; includeInIndex = 1; lastKnownFileType = sourcecode.swift; name = SeedData.swift; path = Services/SeedData.swift; sourceTree = "<group>"; };
		22AF96A06E3E2DF7FB24A120 /* Agent.swift */ = {isa = PBXFileReference; includeInIndex = 1; lastKnownFileType = sourcecode.swift; name = Agent.swift; path = Models/Agent.swift; sourceTree = "<group>"; };
		27C7EBA1E100286646411883 /* ChatView.swift */ = {isa = PBXFileReference; includeInIndex = 1; lastKnownFileType = sourcecode.swift; name = ChatView.swift; path = Views/ChatView.swift; sourceTree = "<group>"; };
		290C8FA5627927894D6D5862 /* ClaudeClient.swift */ = {isa = PBXFileReference; includeInIndex = 1; lastKnownFileType = sourcecode.swift; name = ClaudeClient.swift; path = Services/ClaudeClient.swift; sourceTree = "<group>"; };
		2B9153608945408CB72F2E3B /* RootView.swift */ = {isa = PBXFileReference; includeInIndex = 1; lastKnownFileType = sourcecode.swift; name = RootView.swift; path = Views/RootView.swift; sourceTree = "<group>"; };
		3BEDE83E98B85561F5454E56 /* OpenAIResponsesClient.swift */ = {isa = PBXFileReference; includeInIndex = 1; lastKnownFileType = sourcecode.swift; name = OpenAIResponsesClient.swift; path = Services/OpenAIResponsesClient.swift; sourceTree = "<group>"; };
		410FA75CFF0316DBD46D717B /* OpenAICompatClient.swift */ = {isa = PBXFileReference; includeInIndex = 1; lastKnownFileType = sourcecode.swift; name = OpenAICompatClient.swift; path = Services/OpenAICompatClient.swift; sourceTree = "<group>"; };
		43D27FCBB89380A01485A54F /* AgentsApp.swift */ = {isa = PBXFileReference; includeInIndex = 1; lastKnownFileType = sourcecode.swift; path = AgentsApp.swift; sourceTree = "<group>"; };
		52A67548CF07A469F81377CE /* SettingsView.swift */ = {isa = PBXFileReference; includeInIndex = 1; lastKnownFileType = sourcecode.swift; name = SettingsView.swift; path = Views/SettingsView.swift; sourceTree = "<group>"; };
		55989B88A9D706893656C76A /* ChatMessage.swift */ = {isa = PBXFileReference; includeInIndex = 1; lastKnownFileType = sourcecode.swift; name = ChatMessage.swift; path = Models/ChatMessage.swift; sourceTree = "<group>"; };
		60A1A682DF6D5F898F536521 /* Agents-iOS.entitlements */ = {isa = PBXFileReference; includeInIndex = 1; lastKnownFileType = text.plist.entitlements; path = "Agents-iOS.entitlements"; sourceTree = "<group>"; };
		80F9CF4817A1851F8AFC8A90 /* AgentEngine.swift */ = {isa = PBXFileReference; includeInIndex = 1; lastKnownFileType = sourcecode.swift; name = AgentEngine.swift; path = Services/AgentEngine.swift; sourceTree = "<group>"; };
		9023C0B7C336F7798050FA79 /* Components.swift */ = {isa = PBXFileReference; includeInIndex = 1; lastKnownFileType = sourcecode.swift; name = Components.swift; path = Views/Components.swift; sourceTree = "<group>"; };
		A1CFB93EA47767CEF19F5A85 /* GroupViews.swift */ = {isa = PBXFileReference; includeInIndex = 1; lastKnownFileType = sourcecode.swift; name = GroupViews.swift; path = Views/GroupViews.swift; sourceTree = "<group>"; };
		A6904DFB0D79EDAEBD42C41F /* Conversation.swift */ = {isa = PBXFileReference; includeInIndex = 1; lastKnownFileType = sourcecode.swift; name = Conversation.swift; path = Models/Conversation.swift; sourceTree = "<group>"; };
		AB4AB174582F68715C34FF76 /* Agents-macOS.entitlements */ = {isa = PBXFileReference; includeInIndex = 1; lastKnownFileType = text.plist.entitlements; path = "Agents-macOS.entitlements"; sourceTree = "<group>"; };
		B106F2583BD0F39A04066FE1 /* TeamTools.swift */ = {isa = PBXFileReference; includeInIndex = 1; lastKnownFileType = sourcecode.swift; name = TeamTools.swift; path = Services/TeamTools.swift; sourceTree = "<group>"; };
		B98660D273A23F62783AD87B /* DemoContent.swift */ = {isa = PBXFileReference; includeInIndex = 1; lastKnownFileType = sourcecode.swift; name = DemoContent.swift; path = Services/DemoContent.swift; sourceTree = "<group>"; };
		BC4DC8D8787F0F39C9D08F1E /* MemoryItem.swift */ = {isa = PBXFileReference; includeInIndex = 1; lastKnownFileType = sourcecode.swift; name = MemoryItem.swift; path = Models/MemoryItem.swift; sourceTree = "<group>"; };
		BDFE21FA692F5D78281D3042 /* Agents.app */ = {isa = PBXFileReference; explicitFileType = wrapper.application; includeInIndex = 0; path = Agents.app; sourceTree = BUILT_PRODUCTS_DIR; };
		CF2FEA9E49D5A9824C81EE24 /* Assets.xcassets */ = {isa = PBXFileReference; includeInIndex = 1; lastKnownFileType = folder.assetcatalog; path = Assets.xcassets; sourceTree = "<group>"; };
		E060598F45FB91DE65C85220 /* ModelCatalog.swift */ = {isa = PBXFileReference; includeInIndex = 1; lastKnownFileType = sourcecode.swift; name = ModelCatalog.swift; path = Services/ModelCatalog.swift; sourceTree = "<group>"; };
		F0EC7BDC42202B526ACA2CCE /* Info.plist */ = {isa = PBXFileReference; includeInIndex = 1; lastKnownFileType = text.plist.xml; path = Info.plist; sourceTree = "<group>"; };
		F64DCDA18807C1032D7950CD /* SelfTest.swift */ = {isa = PBXFileReference; includeInIndex = 1; lastKnownFileType = sourcecode.swift; name = SelfTest.swift; path = Services/SelfTest.swift; sourceTree = "<group>"; };
		FF8065A4612624CE66FF1585 /* Keychain.swift */ = {isa = PBXFileReference; includeInIndex = 1; lastKnownFileType = sourcecode.swift; name = Keychain.swift; path = Services/Keychain.swift; sourceTree = "<group>"; };
/* End PBXFileReference section */

/* Begin PBXFrameworksBuildPhase section */
		AF7A09B98EF78324F6A37E3A /* Frameworks */ = {
			isa = PBXFrameworksBuildPhase;
			buildActionMask = 2147483647;
			files = (
			);
			runOnlyForDeploymentPostprocessing = 0;
		};
/* End PBXFrameworksBuildPhase section */

/* Begin PBXGroup section */
		36EECBF478209722845804A4 /* Agents */ = {
			isa = PBXGroup;
			children = (
				43D27FCBB89380A01485A54F /* AgentsApp.swift */,
				22AF96A06E3E2DF7FB24A120 /* Agent.swift */,
				55989B88A9D706893656C76A /* ChatMessage.swift */,
				A6904DFB0D79EDAEBD42C41F /* Conversation.swift */,
				BC4DC8D8787F0F39C9D08F1E /* MemoryItem.swift */,
				80F9CF4817A1851F8AFC8A90 /* AgentEngine.swift */,
				290C8FA5627927894D6D5862 /* ClaudeClient.swift */,
				B98660D273A23F62783AD87B /* DemoContent.swift */,
				FF8065A4612624CE66FF1585 /* Keychain.swift */,
				E060598F45FB91DE65C85220 /* ModelCatalog.swift */,
				410FA75CFF0316DBD46D717B /* OpenAICompatClient.swift */,
				3BEDE83E98B85561F5454E56 /* OpenAIResponsesClient.swift */,
				105ACF79EBD8AF7CCC0144CB /* Providers.swift */,
				223F5095260C7ECB40712BBD /* SeedData.swift */,
				F64DCDA18807C1032D7950CD /* SelfTest.swift */,
				B106F2583BD0F39A04066FE1 /* TeamTools.swift */,
				15382AC7604C0C60936E7F6C /* AgentEditorView.swift */,
				27C7EBA1E100286646411883 /* ChatView.swift */,
				9023C0B7C336F7798050FA79 /* Components.swift */,
				A1CFB93EA47767CEF19F5A85 /* GroupViews.swift */,
				2B9153608945408CB72F2E3B /* RootView.swift */,
				52A67548CF07A469F81377CE /* SettingsView.swift */,
				CF2FEA9E49D5A9824C81EE24 /* Assets.xcassets */,
				F0EC7BDC42202B526ACA2CCE /* Info.plist */,
				60A1A682DF6D5F898F536521 /* Agents-iOS.entitlements */,
				AB4AB174582F68715C34FF76 /* Agents-macOS.entitlements */,
			);
			name = Agents;
			path = Agents;
			sourceTree = "<group>";
		};
		596A40C74E77AB8F8242BEC3 /* Products */ = {
			isa = PBXGroup;
			children = (
				BDFE21FA692F5D78281D3042 /* Agents.app */,
			);
			name = Products;
			sourceTree = "<group>";
		};
		DF97403D1E3E8C7FF68D8708 = {
			isa = PBXGroup;
			children = (
				596A40C74E77AB8F8242BEC3 /* Products */,
				E3C127C49BA7AFC49BC90AA3 /* Frameworks */,
				36EECBF478209722845804A4 /* Agents */,
			);
			sourceTree = "<group>";
		};
		E3C127C49BA7AFC49BC90AA3 /* Frameworks */ = {
			isa = PBXGroup;
			children = (
				F80D9E7D9A7F96CD07D38E5A /* iOS */,
			);
			name = Frameworks;
			sourceTree = "<group>";
		};
		F80D9E7D9A7F96CD07D38E5A /* iOS */ = {
			isa = PBXGroup;
			children = (
			);
			name = iOS;
			sourceTree = "<group>";
		};
/* End PBXGroup section */

/* Begin PBXNativeTarget section */
		EB68C6BAEC3F0CFF573AB9B5 /* Agents */ = {
			isa = PBXNativeTarget;
			buildConfigurationList = 4023335A92B9FD2095837751 /* Build configuration list for PBXNativeTarget "Agents" */;
			buildPhases = (
				6BE502FA918F1036CFCB0427 /* Sources */,
				AF7A09B98EF78324F6A37E3A /* Frameworks */,
				D5C76121158B638DE0BBBC6A /* Resources */,
			);
			buildRules = (
			);
			dependencies = (
			);
			name = Agents;
			productName = Agents;
			productReference = BDFE21FA692F5D78281D3042 /* Agents.app */;
			productType = "com.apple.product-type.application";
		};
/* End PBXNativeTarget section */

/* Begin PBXProject section */
		916F11BEC7709DC80667C0B4 /* Project object */ = {
			isa = PBXProject;
			attributes = {
				LastSwiftUpdateCheck = 1600;
				LastUpgradeCheck = 1600;
				TargetAttributes = {
					EB68C6BAEC3F0CFF573AB9B5 = {
						CreatedOnToolsVersion = 16.0;
					};
				};
			};
			buildConfigurationList = CF71500E669806B9FD1BDFB7 /* Build configuration list for PBXProject "Agents" */;
			compatibilityVersion = "Xcode 3.2";
			developmentRegion = en;
			hasScannedForEncodings = 0;
			knownRegions = (
				en,
				Base,
			);
			mainGroup = DF97403D1E3E8C7FF68D8708;
			minimizedProjectReferenceProxies = 0;
			preferredProjectObjectVersion = 100;
			productRefGroup = 596A40C74E77AB8F8242BEC3 /* Products */;
			projectDirPath = "";
			projectRoot = "";
			targets = (
				EB68C6BAEC3F0CFF573AB9B5 /* Agents */,
			);
		};
/* End PBXProject section */

/* Begin PBXResourcesBuildPhase section */
		D5C76121158B638DE0BBBC6A /* Resources */ = {
			isa = PBXResourcesBuildPhase;
			buildActionMask = 2147483647;
			files = (
				6A71B17DF865FF86E0CB11E9 /* Assets.xcassets in Resources */,
			);
			runOnlyForDeploymentPostprocessing = 0;
		};
/* End PBXResourcesBuildPhase section */

/* Begin PBXSourcesBuildPhase section */
		6BE502FA918F1036CFCB0427 /* Sources */ = {
			isa = PBXSourcesBuildPhase;
			buildActionMask = 2147483647;
			files = (
				C9EC8135DDA2439D4953A7ED /* AgentsApp.swift in Sources */,
				FAC58123FBA0359FABDA1CDC /* Agent.swift in Sources */,
				108770542CE878EE95CB969A /* ChatMessage.swift in Sources */,
				4A010150B8243CB297484B07 /* Conversation.swift in Sources */,
				52737EA46467E26A4801F68B /* MemoryItem.swift in Sources */,
				9803F454052EDA95CC5652FF /* AgentEngine.swift in Sources */,
				00C9E1967DC78AE0EA53D06C /* ClaudeClient.swift in Sources */,
				854E5426BE11F304D18F81E1 /* DemoContent.swift in Sources */,
				7429C1441BFECB64482CC5C0 /* Keychain.swift in Sources */,
				E9AB5D37438F9A1C5851A39C /* ModelCatalog.swift in Sources */,
				CBD9F93124F2665753BE9DE4 /* OpenAICompatClient.swift in Sources */,
				D8450E7963EF540ED53FA2E4 /* OpenAIResponsesClient.swift in Sources */,
				066A8F74A008088EB9769813 /* Providers.swift in Sources */,
				56754729E73D66650F9180DB /* SeedData.swift in Sources */,
				0898B91D4BE9D20EEB471426 /* SelfTest.swift in Sources */,
				C95CBD9A8236C61B81F99CDA /* TeamTools.swift in Sources */,
				AB0DD7F58D729D841CD74707 /* AgentEditorView.swift in Sources */,
				E63D83424023D02B047C1DBA /* ChatView.swift in Sources */,
				D8D4D3379935DBFD2C9F9AC1 /* Components.swift in Sources */,
				B88CD3EAA4844B31F57C31A3 /* GroupViews.swift in Sources */,
				A0BBF80ECD0FB5FFEE5F4F93 /* RootView.swift in Sources */,
				1DFEAFF35333F69FE16AD46E /* SettingsView.swift in Sources */,
			);
			runOnlyForDeploymentPostprocessing = 0;
		};
/* End PBXSourcesBuildPhase section */

/* Begin XCBuildConfiguration section */
		0A159FF8DFD696D52AB84619 /* Debug */ = {
			isa = XCBuildConfiguration;
			buildSettings = {
				ALWAYS_SEARCH_USER_PATHS = NO;
				CLANG_ANALYZER_NONNULL = YES;
				CLANG_ANALYZER_NUMBER_OBJECT_CONVERSION = YES_AGGRESSIVE;
				CLANG_CXX_LANGUAGE_STANDARD = "gnu++14";
				CLANG_CXX_LIBRARY = "libc++";
				CLANG_ENABLE_MODULES = YES;
				CLANG_ENABLE_OBJC_ARC = YES;
				CLANG_ENABLE_OBJC_WEAK = YES;
				CLANG_WARN_BLOCK_CAPTURE_AUTORELEASING = YES;
				CLANG_WARN_BOOL_CONVERSION = YES;
				CLANG_WARN_COMMA = YES;
				CLANG_WARN_CONSTANT_CONVERSION = YES;
				CLANG_WARN_DEPRECATED_OBJC_IMPLEMENTATIONS = YES;
				CLANG_WARN_DIRECT_OBJC_ISA_USAGE = YES_ERROR;
				CLANG_WARN_DOCUMENTATION_COMMENTS = YES;
				CLANG_WARN_EMPTY_BODY = YES;
				CLANG_WARN_ENUM_CONVERSION = YES;
				CLANG_WARN_INFINITE_RECURSION = YES;
				CLANG_WARN_INT_CONVERSION = YES;
				CLANG_WARN_NON_LITERAL_NULL_CONVERSION = YES;
				CLANG_WARN_OBJC_IMPLICIT_RETAIN_SELF = YES;
				CLANG_WARN_OBJC_LITERAL_CONVERSION = YES;
				CLANG_WARN_OBJC_ROOT_CLASS = YES_ERROR;
				CLANG_WARN_QUOTED_INCLUDE_IN_FRAMEWORK_HEADER = YES;
				CLANG_WARN_RANGE_LOOP_ANALYSIS = YES;
				CLANG_WARN_STRICT_PROTOTYPES = YES;
				CLANG_WARN_SUSPICIOUS_MOVE = YES;
				CLANG_WARN_UNGUARDED_AVAILABILITY = YES_AGGRESSIVE;
				CLANG_WARN_UNREACHABLE_CODE = YES;
				CLANG_WARN__DUPLICATE_METHOD_MATCH = YES;
				COPY_PHASE_STRIP = NO;
				DEBUG_INFORMATION_FORMAT = dwarf;
				ENABLE_STRICT_OBJC_MSGSEND = YES;
				ENABLE_TESTABILITY = YES;
				GCC_C_LANGUAGE_STANDARD = gnu11;
				GCC_DYNAMIC_NO_PIC = NO;
				GCC_NO_COMMON_BLOCKS = YES;
				GCC_OPTIMIZATION_LEVEL = 0;
				GCC_PREPROCESSOR_DEFINITIONS = (
					"DEBUG=1",
					"$(inherited)",
				);
				GCC_WARN_64_TO_32_BIT_CONVERSION = YES;
				GCC_WARN_ABOUT_RETURN_TYPE = YES_ERROR;
				GCC_WARN_UNDECLARED_SELECTOR = YES;
				GCC_WARN_UNINITIALIZED_AUTOS = YES_AGGRESSIVE;
				GCC_WARN_UNUSED_FUNCTION = YES;
				GCC_WARN_UNUSED_VARIABLE = YES;
				IPHONEOS_DEPLOYMENT_TARGET = 17.0;
				MACOSX_DEPLOYMENT_TARGET = 14.0;
				MTL_ENABLE_DEBUG_INFO = INCLUDE_SOURCE;
				MTL_FAST_MATH = YES;
				ONLY_ACTIVE_ARCH = YES;
				PRODUCT_NAME = "$(TARGET_NAME)";
				SWIFT_ACTIVE_COMPILATION_CONDITIONS = DEBUG;
				SWIFT_OPTIMIZATION_LEVEL = "-Onone";
				SWIFT_VERSION = 5.0;
			};
			name = Debug;
		};
		D5CBC9F9CF96CB94DEEA649E /* Debug */ = {
			isa = XCBuildConfiguration;
			buildSettings = {
				ASSETCATALOG_COMPILER_APPICON_NAME = AppIcon;
				ASSETCATALOG_COMPILER_GLOBAL_ACCENT_COLOR_NAME = AccentColor;
				CLANG_ENABLE_OBJC_WEAK = NO;
				"CODE_SIGN_ENTITLEMENTS[sdk=iphoneos*]" = "Agents/Agents-iOS.entitlements";
				"CODE_SIGN_ENTITLEMENTS[sdk=iphonesimulator*]" = "Agents/Agents-iOS.entitlements";
				"CODE_SIGN_ENTITLEMENTS[sdk=macosx*]" = "Agents/Agents-macOS.entitlements";
				CODE_SIGN_STYLE = Automatic;
				CURRENT_PROJECT_VERSION = 2;
				DEVELOPMENT_TEAM = 2KTZ966L7U;
				ENABLE_HARDENED_RUNTIME = YES;
				ENABLE_PREVIEWS = YES;
				GENERATE_INFOPLIST_FILE = YES;
				INFOPLIST_FILE = Agents/Info.plist;
				INFOPLIST_KEY_CFBundleDisplayName = "Agent Teams";
				INFOPLIST_KEY_ITSAppUsesNonExemptEncryption = NO;
				INFOPLIST_KEY_LSApplicationCategoryType = "public.app-category.productivity";
				"INFOPLIST_KEY_UIApplicationSceneManifest_Generation[sdk=iphone*]" = YES;
				"INFOPLIST_KEY_UILaunchScreen_Generation[sdk=iphone*]" = YES;
				INFOPLIST_KEY_UISupportedInterfaceOrientations_iPad = "UIInterfaceOrientationPortrait UIInterfaceOrientationPortraitUpsideDown UIInterfaceOrientationLandscapeLeft UIInterfaceOrientationLandscapeRight";
				INFOPLIST_KEY_UISupportedInterfaceOrientations_iPhone = "UIInterfaceOrientationPortrait UIInterfaceOrientationLandscapeLeft UIInterfaceOrientationLandscapeRight";
				IPHONEOS_DEPLOYMENT_TARGET = 17.0;
				"LD_RUNPATH_SEARCH_PATHS[sdk=iphone*]" = "$(inherited) @executable_path/Frameworks";
				"LD_RUNPATH_SEARCH_PATHS[sdk=macosx*]" = "$(inherited) @executable_path/../Frameworks";
				MACOSX_DEPLOYMENT_TARGET = 14.0;
				MARKETING_VERSION = 1.0;
				PRODUCT_BUNDLE_IDENTIFIER = com.keoly.agents;
				PRODUCT_NAME = Agents;
				SDKROOT = auto;
				SUPPORTED_PLATFORMS = "iphoneos iphonesimulator macosx";
				SUPPORTS_MACCATALYST = NO;
				SWIFT_EMIT_LOC_STRINGS = YES;
				SWIFT_VERSION = 5.0;
				TARGETED_DEVICE_FAMILY = "1,2";
			};
			name = Debug;
		};
		DC0DE5C55341F3945A7624C0 /* Release */ = {
			isa = XCBuildConfiguration;
			buildSettings = {
				ASSETCATALOG_COMPILER_APPICON_NAME = AppIcon;
				ASSETCATALOG_COMPILER_GLOBAL_ACCENT_COLOR_NAME = AccentColor;
				CLANG_ENABLE_OBJC_WEAK = NO;
				"CODE_SIGN_ENTITLEMENTS[sdk=iphoneos*]" = "Agents/Agents-iOS.entitlements";
				"CODE_SIGN_ENTITLEMENTS[sdk=iphonesimulator*]" = "Agents/Agents-iOS.entitlements";
				"CODE_SIGN_ENTITLEMENTS[sdk=macosx*]" = "Agents/Agents-macOS.entitlements";
				CODE_SIGN_STYLE = Automatic;
				CURRENT_PROJECT_VERSION = 2;
				DEVELOPMENT_TEAM = 2KTZ966L7U;
				ENABLE_HARDENED_RUNTIME = YES;
				ENABLE_PREVIEWS = YES;
				GENERATE_INFOPLIST_FILE = YES;
				INFOPLIST_FILE = Agents/Info.plist;
				INFOPLIST_KEY_CFBundleDisplayName = "Agent Teams";
				INFOPLIST_KEY_ITSAppUsesNonExemptEncryption = NO;
				INFOPLIST_KEY_LSApplicationCategoryType = "public.app-category.productivity";
				"INFOPLIST_KEY_UIApplicationSceneManifest_Generation[sdk=iphone*]" = YES;
				"INFOPLIST_KEY_UILaunchScreen_Generation[sdk=iphone*]" = YES;
				INFOPLIST_KEY_UISupportedInterfaceOrientations_iPad = "UIInterfaceOrientationPortrait UIInterfaceOrientationPortraitUpsideDown UIInterfaceOrientationLandscapeLeft UIInterfaceOrientationLandscapeRight";
				INFOPLIST_KEY_UISupportedInterfaceOrientations_iPhone = "UIInterfaceOrientationPortrait UIInterfaceOrientationLandscapeLeft UIInterfaceOrientationLandscapeRight";
				IPHONEOS_DEPLOYMENT_TARGET = 17.0;
				"LD_RUNPATH_SEARCH_PATHS[sdk=iphone*]" = "$(inherited) @executable_path/Frameworks";
				"LD_RUNPATH_SEARCH_PATHS[sdk=macosx*]" = "$(inherited) @executable_path/../Frameworks";
				MACOSX_DEPLOYMENT_TARGET = 14.0;
				MARKETING_VERSION = 1.0;
				PRODUCT_BUNDLE_IDENTIFIER = com.keoly.agents;
				PRODUCT_NAME = Agents;
				SDKROOT = auto;
				SUPPORTED_PLATFORMS = "iphoneos iphonesimulator macosx";
				SUPPORTS_MACCATALYST = NO;
				SWIFT_EMIT_LOC_STRINGS = YES;
				SWIFT_VERSION = 5.0;
				TARGETED_DEVICE_FAMILY = "1,2";
				VALIDATE_PRODUCT = YES;
			};
			name = Release;
		};
		E7DDBF30D0DB12EC706FB38B /* Release */ = {
			isa = XCBuildConfiguration;
			buildSettings = {
				ALWAYS_SEARCH_USER_PATHS = NO;
				CLANG_ANALYZER_NONNULL = YES;
				CLANG_ANALYZER_NUMBER_OBJECT_CONVERSION = YES_AGGRESSIVE;
				CLANG_CXX_LANGUAGE_STANDARD = "gnu++14";
				CLANG_CXX_LIBRARY = "libc++";
				CLANG_ENABLE_MODULES = YES;
				CLANG_ENABLE_OBJC_ARC = YES;
				CLANG_ENABLE_OBJC_WEAK = YES;
				CLANG_WARN_BLOCK_CAPTURE_AUTORELEASING = YES;
				CLANG_WARN_BOOL_CONVERSION = YES;
				CLANG_WARN_COMMA = YES;
				CLANG_WARN_CONSTANT_CONVERSION = YES;
				CLANG_WARN_DEPRECATED_OBJC_IMPLEMENTATIONS = YES;
				CLANG_WARN_DIRECT_OBJC_ISA_USAGE = YES_ERROR;
				CLANG_WARN_DOCUMENTATION_COMMENTS = YES;
				CLANG_WARN_EMPTY_BODY = YES;
				CLANG_WARN_ENUM_CONVERSION = YES;
				CLANG_WARN_INFINITE_RECURSION = YES;
				CLANG_WARN_INT_CONVERSION = YES;
				CLANG_WARN_NON_LITERAL_NULL_CONVERSION = YES;
				CLANG_WARN_OBJC_IMPLICIT_RETAIN_SELF = YES;
				CLANG_WARN_OBJC_LITERAL_CONVERSION = YES;
				CLANG_WARN_OBJC_ROOT_CLASS = YES_ERROR;
				CLANG_WARN_QUOTED_INCLUDE_IN_FRAMEWORK_HEADER = YES;
				CLANG_WARN_RANGE_LOOP_ANALYSIS = YES;
				CLANG_WARN_STRICT_PROTOTYPES = YES;
				CLANG_WARN_SUSPICIOUS_MOVE = YES;
				CLANG_WARN_UNGUARDED_AVAILABILITY = YES_AGGRESSIVE;
				CLANG_WARN_UNREACHABLE_CODE = YES;
				CLANG_WARN__DUPLICATE_METHOD_MATCH = YES;
				COPY_PHASE_STRIP = NO;
				DEBUG_INFORMATION_FORMAT = "dwarf-with-dsym";
				ENABLE_NS_ASSERTIONS = NO;
				ENABLE_STRICT_OBJC_MSGSEND = YES;
				GCC_C_LANGUAGE_STANDARD = gnu11;
				GCC_NO_COMMON_BLOCKS = YES;
				GCC_WARN_64_TO_32_BIT_CONVERSION = YES;
				GCC_WARN_ABOUT_RETURN_TYPE = YES_ERROR;
				GCC_WARN_UNDECLARED_SELECTOR = YES;
				GCC_WARN_UNINITIALIZED_AUTOS = YES_AGGRESSIVE;
				GCC_WARN_UNUSED_FUNCTION = YES;
				GCC_WARN_UNUSED_VARIABLE = YES;
				IPHONEOS_DEPLOYMENT_TARGET = 17.0;
				MACOSX_DEPLOYMENT_TARGET = 14.0;
				MTL_ENABLE_DEBUG_INFO = NO;
				MTL_FAST_MATH = YES;
				PRODUCT_NAME = "$(TARGET_NAME)";
				SWIFT_COMPILATION_MODE = wholemodule;
				SWIFT_OPTIMIZATION_LEVEL = "-O";
				SWIFT_VERSION = 5.0;
			};
			name = Release;
		};
/* End XCBuildConfiguration section */

/* Begin XCConfigurationList section */
		4023335A92B9FD2095837751 /* Build configuration list for PBXNativeTarget "Agents" */ = {
			isa = XCConfigurationList;
			buildConfigurations = (
				DC0DE5C55341F3945A7624C0 /* Release */,
				D5CBC9F9CF96CB94DEEA649E /* Debug */,
			);
			defaultConfigurationIsVisible = 0;
			defaultConfigurationName = Release;
		};
		CF71500E669806B9FD1BDFB7 /* Build configuration list for PBXProject "Agents" */ = {
			isa = XCConfigurationList;
			buildConfigurations = (
				0A159FF8DFD696D52AB84619 /* Debug */,
				E7DDBF30D0DB12EC706FB38B /* Release */,
			);
			defaultConfigurationIsVisible = 0;
			defaultConfigurationName = Release;
		};
/* End XCConfigurationList section */
	};
	rootObject = 916F11BEC7709DC80667C0B4 /* Project object */;
}
